
Microsoft Visual Studio Solution File, Format Version 12.00
# Visual Studio 15
VisualStudioVersion = 15.0.26906.1
MinimumVisualStudioVersion = 10.0.40219.1
Project("{FAE04EC0-301F-11D3-BF4B-00C04F79EFBC}") = "Products.Android", "Products\Products.Android\Products.Android.csproj", "{A4284727-E402-4BF6-8562-3645D3F026B2}"
EndProject
Project("{FAE04EC0-301F-11D3-BF4B-00C04F79EFBC}") = "Products", "Products\Products\Products.csproj", "{314EC377-ACA9-4492-BCB0-A7D746E0B75B}"
EndProject
Project("{FAE04EC0-301F-11D3-BF4B-00C04F79EFBC}") = "Products.UWP", "Products\Products.UWP\Products.UWP.csproj", "{3D5A6021-5109-4D19-B2C1-D9BC1D2D86E4}"
EndProject
Project("{FAE04EC0-301F-11D3-BF4B-00C04F79EFBC}") = "Products.iOS", "Products\Products.iOS\Products.iOS.csproj", "{78121764-DBF9-4598-BDFA-44A95F06FC3D}"
EndProject
Project("{FAE04EC0-301F-11D3-BF4B-00C04F79EFBC}") = "Products.Domain", "Products.Domain\Products.Domain.csproj", "{BEFF1FA1-B1B6-47C6-8F0D-D8DB4434A521}"
EndProject
Project("{FAE04EC0-301F-11D3-BF4B-00C04F79EFBC}") = "Products.BackEnd", "Products.BackEnd\Products.BackEnd.csproj", "{7CE81286-841B-4CA7-B3A2-E8EB07CA6524}"
EndProject
Project("{FAE04EC0-301F-11D3-BF4B-00C04F79EFBC}") = "Products.API", "Products.API\Products.API.csproj", "{F1C60630-7E4A-4CB3-8B26-6A650875A708}"
EndProject
Global
	GlobalSection(SolutionConfigurationPlatforms) = preSolution
		Ad-Hoc|Any CPU = Ad-Hoc|Any CPU
		Ad-Hoc|ARM = Ad-Hoc|ARM
		Ad-Hoc|iPhone = Ad-Hoc|iPhone
		Ad-Hoc|iPhoneSimulator = Ad-Hoc|iPhoneSimulator
		Ad-Hoc|x64 = Ad-Hoc|x64
		Ad-Hoc|x86 = Ad-Hoc|x86
		AppStore|Any CPU = AppStore|Any CPU
		AppStore|ARM = AppStore|ARM
		AppStore|iPhone = AppStore|iPhone
		AppStore|iPhoneSimulator = AppStore|iPhoneSimulator
		AppStore|x64 = AppStore|x64
		AppStore|x86 = AppStore|x86
		Debug|Any CPU = Debug|Any CPU
		Debug|ARM = Debug|ARM
		Debug|iPhone = Debug|iPhone
		Debug|iPhoneSimulator = Debug|iPhoneSimulator
		Debug|x64 = Debug|x64
		Debug|x86 = Debug|x86
		Release|Any CPU = Release|Any CPU
		Release|ARM = Release|ARM
		Release|iPhone = Release|iPhone
		Release|iPhoneSimulator = Release|iPhoneSimulator
		Release|x64 = Release|x64
		Release|x86 = Release|x86
	EndGlobalSection
	GlobalSection(ProjectConfigurationPlatforms) = postSolution
		{A4284727-E402-4BF6-8562-3645D3F026B2}.Ad-Hoc|Any CPU.ActiveCfg = Release|Any CPU
		{A4284727-E402-4BF6-8562-3645D3F026B2}.Ad-Hoc|Any CPU.Build.0 = Release|Any CPU
		{A4284727-E402-4BF6-8562-3645D3F026B2}.Ad-Hoc|Any CPU.Deploy.0 = Release|Any CPU
		{A4284727-E402-4BF6-8562-3645D3F026B2}.Ad-Hoc|ARM.ActiveCfg = Release|Any CPU
		{A4284727-E402-4BF6-8562-3645D3F026B2}.Ad-Hoc|ARM.Build.0 = Release|Any CPU
		{A4284727-E402-4BF6-8562-3645D3F026B2}.Ad-Hoc|ARM.Deploy.0 = Release|Any CPU
		{A4284727-E402-4BF6-8562-3645D3F026B2}.Ad-Hoc|iPhone.ActiveCfg = Release|Any CPU
		{A4284727-E402-4BF6-8562-3645D3F026B2}.Ad-Hoc|iPhone.Build.0 = Release|Any CPU
		{A4284727-E402-4BF6-8562-3645D3F026B2}.Ad-Hoc|iPhone.Deploy.0 = Release|Any CPU
		{A4284727-E402-4BF6-8562-3645D3F026B2}.Ad-Hoc|iPhoneSimulator.ActiveCfg = Release|Any CPU
		{A4284727-E402-4BF6-8562-3645D3F026B2}.Ad-Hoc|iPhoneSimulator.Build.0 = Release|Any CPU
		{A4284727-E402-4BF6-8562-3645D3F026B2}.Ad-Hoc|iPhoneSimulator.Deploy.0 = Release|Any CPU
		{A4284727-E402-4BF6-8562-3645D3F026B2}.Ad-Hoc|x64.ActiveCfg = Release|Any CPU
		{A4284727-E402-4BF6-8562-3645D3F026B2}.Ad-Hoc|x64.Build.0 = Release|Any CPU
		{A4284727-E402-4BF6-8562-3645D3F026B2}.Ad-Hoc|x64.Deploy.0 = Release|Any CPU
		{A4284727-E402-4BF6-8562-3645D3F026B2}.Ad-Hoc|x86.ActiveCfg = Release|Any CPU
		{A4284727-E402-4BF6-8562-3645D3F026B2}.Ad-Hoc|x86.Build.0 = Release|Any CPU
		{A4284727-E402-4BF6-8562-3645D3F026B2}.Ad-Hoc|x86.Deploy.0 = Release|Any CPU
		{A4284727-E402-4BF6-8562-3645D3F026B2}.AppStore|Any CPU.ActiveCfg = Release|Any CPU
		{A4284727-E402-4BF6-8562-3645D3F026B2}.AppStore|Any CPU.Build.0 = Release|Any CPU
		{A4284727-E402-4BF6-8562-3645D3F026B2}.AppStore|Any CPU.Deploy.0 = Release|Any CPU
		{A4284727-E402-4BF6-8562-3645D3F026B2}.AppStore|ARM.ActiveCfg = Release|Any CPU
		{A4284727-E402-4BF6-8562-3645D3F026B2}.AppStore|ARM.Build.0 = Release|Any CPU
		{A4284727-E402-4BF6-8562-3645D3F026B2}.AppStore|ARM.Deploy.0 = Release|Any CPU
		{A4284727-E402-4BF6-8562-3645D3F026B2}.AppStore|iPhone.ActiveCfg = Release|Any CPU
		{A4284727-E402-4BF6-8562-3645D3F026B2}.AppStore|iPhone.Build.0 = Release|Any CPU
		{A4284727-E402-4BF6-8562-3645D3F026B2}.AppStore|iPhone.Deploy.0 = Release|Any CPU
		{A4284727-E402-4BF6-8562-3645D3F026B2}.AppStore|iPhoneSimulator.ActiveCfg = Release|Any CPU
		{A4284727-E402-4BF6-8562-3645D3F026B2}.AppStore|iPhoneSimulator.Build.0 = Release|Any CPU
		{A4284727-E402-4BF6-8562-3645D3F026B2}.AppStore|iPhoneSimulator.Deploy.0 = Release|Any CPU
		{A4284727-E402-4BF6-8562-3645D3F026B2}.AppStore|x64.ActiveCfg = Release|Any CPU
		{A4284727-E402-4BF6-8562-3645D3F026B2}.AppStore|x64.Build.0 = Release|Any CPU
		{A4284727-E402-4BF6-8562-3645D3F026B2}.AppStore|x64.Deploy.0 = Release|Any CPU
		{A4284727-E402-4BF6-8562-3645D3F026B2}.AppStore|x86.ActiveCfg = Release|Any CPU
		{A4284727-E402-4BF6-8562-3645D3F026B2}.AppStore|x86.Build.0 = Release|Any CPU
		{A4284727-E402-4BF6-8562-3645D3F026B2}.AppStore|x86.Deploy.0 = Release|Any CPU
		{A4284727-E402-4BF6-8562-3645D3F026B2}.Debug|Any CPU.ActiveCfg = Debug|Any CPU
		{A4284727-E402-4BF6-8562-3645D3F026B2}.Debug|Any CPU.Build.0 = Debug|Any CPU
		{A4284727-E402-4BF6-8562-3645D3F026B2}.Debug|Any CPU.Deploy.0 = Debug|Any CPU
		{A4284727-E402-4BF6-8562-3645D3F026B2}.Debug|ARM.ActiveCfg = Debug|Any CPU
		{A4284727-E402-4BF6-8562-3645D3F026B2}.Debug|ARM.Build.0 = Debug|Any CPU
		{A4284727-E402-4BF6-8562-3645D3F026B2}.Debug|ARM.Deploy.0 = Debug|Any CPU
		{A4284727-E402-4BF6-8562-3645D3F026B2}.Debug|iPhone.ActiveCfg = Debug|Any CPU
		{A4284727-E402-4BF6-8562-3645D3F026B2}.Debug|iPhone.Build.0 = Debug|Any CPU
		{A4284727-E402-4BF6-8562-3645D3F026B2}.Debug|iPhone.Deploy.0 = Debug|Any CPU
		{A4284727-E402-4BF6-8562-3645D3F026B2}.Debug|iPhoneSimulator.ActiveCfg = Debug|Any CPU
		{A4284727-E402-4BF6-8562-3645D3F026B2}.Debug|iPhoneSimulator.Build.0 = Debug|Any CPU
		{A4284727-E402-4BF6-8562-3645D3F026B2}.Debug|iPhoneSimulator.Deploy.0 = Debug|Any CPU
		{A4284727-E402-4BF6-8562-3645D3F026B2}.Debug|x64.ActiveCfg = Debug|Any CPU
		{A4284727-E402-4BF6-8562-3645D3F026B2}.Debug|x64.Build.0 = Debug|Any CPU
		{A4284727-E402-4BF6-8562-3645D3F026B2}.Debug|x64.Deploy.0 = Debug|Any CPU
		{A4284727-E402-4BF6-8562-3645D3F026B2}.Debug|x86.ActiveCfg = Debug|Any CPU
		{A4284727-E402-4BF6-8562-3645D3F026B2}.Debug|x86.Build.0 = Debug|Any CPU
		{A4284727-E402-4BF6-8562-3645D3F026B2}.Debug|x86.Deploy.0 = Debug|Any CPU
		{A4284727-E402-4BF6-8562-3645D3F026B2}.Release|Any CPU.ActiveCfg = Release|Any CPU
		{A4284727-E402-4BF6-8562-3645D3F026B2}.Release|Any CPU.Build.0 = Release|Any CPU
		{A4284727-E402-4BF6-8562-3645D3F026B2}.Release|Any CPU.Deploy.0 = Release|Any CPU
		{A4284727-E402-4BF6-8562-3645D3F026B2}.Release|ARM.ActiveCfg = Release|Any CPU
		{A4284727-E402-4BF6-8562-3645D3F026B2}.Release|ARM.Build.0 = Release|Any CPU
		{A4284727-E402-4BF6-8562-3645D3F026B2}.Release|ARM.Deploy.0 = Release|Any CPU
		{A4284727-E402-4BF6-8562-3645D3F026B2}.Release|iPhone.ActiveCfg = Release|Any CPU
		{A4284727-E402-4BF6-8562-3645D3F026B2}.Release|iPhone.Build.0 = Release|Any CPU
		{A4284727-E402-4BF6-8562-3645D3F026B2}.Release|iPhone.Deploy.0 = Release|Any CPU
		{A4284727-E402-4BF6-8562-3645D3F026B2}.Release|iPhoneSimulator.ActiveCfg = Release|Any CPU
		{A4284727-E402-4BF6-8562-3645D3F026B2}.Release|iPhoneSimulator.Build.0 = Release|Any CPU
		{A4284727-E402-4BF6-8562-3645D3F026B2}.Release|iPhoneSimulator.Deploy.0 = Release|Any CPU
		{A4284727-E402-4BF6-8562-3645D3F026B2}.Release|x64.ActiveCfg = Release|Any CPU
		{A4284727-E402-4BF6-8562-3645D3F026B2}.Release|x64.Build.0 = Release|Any CPU
		{A4284727-E402-4BF6-8562-3645D3F026B2}.Release|x64.Deploy.0 = Release|Any CPU
		{A4284727-E402-4BF6-8562-3645D3F026B2}.Release|x86.ActiveCfg = Release|Any CPU
		{A4284727-E402-4BF6-8562-3645D3F026B2}.Release|x86.Build.0 = Release|Any CPU
		{A4284727-E402-4BF6-8562-3645D3F026B2}.Release|x86.Deploy.0 = Release|Any CPU
		{314EC377-ACA9-4492-BCB0-A7D746E0B75B}.Ad-Hoc|Any CPU.ActiveCfg = Release|Any CPU
		{314EC377-ACA9-4492-BCB0-A7D746E0B75B}.Ad-Hoc|Any CPU.Build.0 = Release|Any CPU
		{314EC377-ACA9-4492-BCB0-A7D746E0B75B}.Ad-Hoc|ARM.ActiveCfg = Release|Any CPU
		{314EC377-ACA9-4492-BCB0-A7D746E0B75B}.Ad-Hoc|ARM.Build.0 = Release|Any CPU
		{314EC377-ACA9-4492-BCB0-A7D746E0B75B}.Ad-Hoc|iPhone.ActiveCfg = Release|Any CPU
		{314EC377-ACA9-4492-BCB0-A7D746E0B75B}.Ad-Hoc|iPhone.Build.0 = Release|Any CPU
		{314EC377-ACA9-4492-BCB0-A7D746E0B75B}.Ad-Hoc|iPhoneSimulator.ActiveCfg = Release|Any CPU
		{314EC377-ACA9-4492-BCB0-A7D746E0B75B}.Ad-Hoc|iPhoneSimulator.Build.0 = Release|Any CPU
		{314EC377-ACA9-4492-BCB0-A7D746E0B75B}.Ad-Hoc|x64.ActiveCfg = Release|Any CPU
		{314EC377-ACA9-4492-BCB0-A7D746E0B75B}.Ad-Hoc|x64.Build.0 = Release|Any CPU
		{314EC377-ACA9-4492-BCB0-A7D746E0B75B}.Ad-Hoc|x86.ActiveCfg = Release|Any CPU
		{314EC377-ACA9-4492-BCB0-A7D746E0B75B}.Ad-Hoc|x86.Build.0 = Release|Any CPU
		{314EC377-ACA9-4492-BCB0-A7D746E0B75B}.AppStore|Any CPU.ActiveCfg = Release|Any CPU
		{314EC377-ACA9-4492-BCB0-A7D746E0B75B}.AppStore|Any CPU.Build.0 = Release|Any CPU
		{314EC377-ACA9-4492-BCB0-A7D746E0B75B}.AppStore|ARM.ActiveCfg = Release|Any CPU
		{314EC377-ACA9-4492-BCB0-A7D746E0B75B}.AppStore|ARM.Build.0 = Release|Any CPU
		{314EC377-ACA9-4492-BCB0-A7D746E0B75B}.AppStore|iPhone.ActiveCfg = Release|Any CPU
		{314EC377-ACA9-4492-BCB0-A7D746E0B75B}.AppStore|iPhone.Build.0 = Release|Any CPU
		{314EC377-ACA9-4492-BCB0-A7D746E0B75B}.AppStore|iPhoneSimulator.ActiveCfg = Release|Any CPU
		{314EC377-ACA9-4492-BCB0-A7D746E0B75B}.AppStore|iPhoneSimulator.Build.0 = Release|Any CPU
		{314EC377-ACA9-4492-BCB0-A7D746E0B75B}.AppStore|x64.ActiveCfg = Release|Any CPU
		{314EC377-ACA9-4492-BCB0-A7D746E0B75B}.AppStore|x64.Build.0 = Release|Any CPU
		{314EC377-ACA9-4492-BCB0-A7D746E0B75B}.AppStore|x86.ActiveCfg = Release|Any CPU
		{314EC377-ACA9-4492-BCB0-A7D746E0B75B}.AppStore|x86.Build.0 = Release|Any CPU
		{314EC377-ACA9-4492-BCB0-A7D746E0B75B}.Debug|Any CPU.ActiveCfg = Debug|Any CPU
		{314EC377-ACA9-4492-BCB0-A7D746E0B75B}.Debug|Any CPU.Build.0 = Debug|Any CPU
		{314EC377-ACA9-4492-BCB0-A7D746E0B75B}.Debug|ARM.ActiveCfg = Debug|Any CPU
		{314EC377-ACA9-4492-BCB0-A7D746E0B75B}.Debug|ARM.Build.0 = Debug|Any CPU
		{314EC377-ACA9-4492-BCB0-A7D746E0B75B}.Debug|iPhone.ActiveCfg = Debug|Any CPU
		{314EC377-ACA9-4492-BCB0-A7D746E0B75B}.Debug|iPhone.Build.0 = Debug|Any CPU
		{314EC377-ACA9-4492-BCB0-A7D746E0B75B}.Debug|iPhoneSimulator.ActiveCfg = Debug|Any CPU
		{314EC377-ACA9-4492-BCB0-A7D746E0B75B}.Debug|iPhoneSimulator.Build.0 = Debug|Any CPU
		{314EC377-ACA9-4492-BCB0-A7D746E0B75B}.Debug|x64.ActiveCfg = Debug|Any CPU
		{314EC377-ACA9-4492-BCB0-A7D746E0B75B}.Debug|x64.Build.0 = Debug|Any CPU
		{314EC377-ACA9-4492-BCB0-A7D746E0B75B}.Debug|x86.ActiveCfg = Debug|Any CPU
		{314EC377-ACA9-4492-BCB0-A7D746E0B75B}.Debug|x86.Build.0 = Debug|Any CPU
		{314EC377-ACA9-4492-BCB0-A7D746E0B75B}.Release|Any CPU.ActiveCfg = Release|Any CPU
		{314EC377-ACA9-4492-BCB0-A7D746E0B75B}.Release|Any CPU.Build.0 = Release|Any CPU
		{314EC377-ACA9-4492-BCB0-A7D746E0B75B}.Release|ARM.ActiveCfg = Release|Any CPU
		{314EC377-ACA9-4492-BCB0-A7D746E0B75B}.Release|ARM.Build.0 = Release|Any CPU
		{314EC377-ACA9-4492-BCB0-A7D746E0B75B}.Release|iPhone.ActiveCfg = Release|Any CPU
		{314EC377-ACA9-4492-BCB0-A7D746E0B75B}.Release|iPhone.Build.0 = Release|Any CPU
		{314EC377-ACA9-4492-BCB0-A7D746E0B75B}.Release|iPhoneSimulator.ActiveCfg = Release|Any CPU
		{314EC377-ACA9-4492-BCB0-A7D746E0B75B}.Release|iPhoneSimulator.Build.0 = Release|Any CPU
		{314EC377-ACA9-4492-BCB0-A7D746E0B75B}.Release|x64.ActiveCfg = Release|Any CPU
		{314EC377-ACA9-4492-BCB0-A7D746E0B75B}.Release|x64.Build.0 = Release|Any CPU
		{314EC377-ACA9-4492-BCB0-A7D746E0B75B}.Release|x86.ActiveCfg = Release|Any CPU
		{314EC377-ACA9-4492-BCB0-A7D746E0B75B}.Release|x86.Build.0 = Release|Any CPU
		{3D5A6021-5109-4D19-B2C1-D9BC1D2D86E4}.Ad-Hoc|Any CPU.ActiveCfg = Release|x86
		{3D5A6021-5109-4D19-B2C1-D9BC1D2D86E4}.Ad-Hoc|Any CPU.Build.0 = Release|x86
		{3D5A6021-5109-4D19-B2C1-D9BC1D2D86E4}.Ad-Hoc|Any CPU.Deploy.0 = Release|x86
		{3D5A6021-5109-4D19-B2C1-D9BC1D2D86E4}.Ad-Hoc|ARM.ActiveCfg = Release|ARM
		{3D5A6021-5109-4D19-B2C1-D9BC1D2D86E4}.Ad-Hoc|ARM.Build.0 = Release|ARM
		{3D5A6021-5109-4D19-B2C1-D9BC1D2D86E4}.Ad-Hoc|ARM.Deploy.0 = Release|ARM
		{3D5A6021-5109-4D19-B2C1-D9BC1D2D86E4}.Ad-Hoc|iPhone.ActiveCfg = Release|x86
		{3D5A6021-5109-4D19-B2C1-D9BC1D2D86E4}.Ad-Hoc|iPhone.Build.0 = Release|x86
		{3D5A6021-5109-4D19-B2C1-D9BC1D2D86E4}.Ad-Hoc|iPhone.Deploy.0 = Release|x86
		{3D5A6021-5109-4D19-B2C1-D9BC1D2D86E4}.Ad-Hoc|iPhoneSimulator.ActiveCfg = Release|x86
		{3D5A6021-5109-4D19-B2C1-D9BC1D2D86E4}.Ad-Hoc|iPhoneSimulator.Build.0 = Release|x86
		{3D5A6021-5109-4D19-B2C1-D9BC1D2D86E4}.Ad-Hoc|iPhoneSimulator.Deploy.0 = Release|x86
		{3D5A6021-5109-4D19-B2C1-D9BC1D2D86E4}.Ad-Hoc|x64.ActiveCfg = Release|x64
		{3D5A6021-5109-4D19-B2C1-D9BC1D2D86E4}.Ad-Hoc|x64.Build.0 = Release|x64
		{3D5A6021-5109-4D19-B2C1-D9BC1D2D86E4}.Ad-Hoc|x64.Deploy.0 = Release|x64
		{3D5A6021-5109-4D19-B2C1-D9BC1D2D86E4}.Ad-Hoc|x86.ActiveCfg = Release|x86
		{3D5A6021-5109-4D19-B2C1-D9BC1D2D86E4}.Ad-Hoc|x86.Build.0 = Release|x86
		{3D5A6021-5109-4D19-B2C1-D9BC1D2D86E4}.Ad-Hoc|x86.Deploy.0 = Release|x86
		{3D5A6021-5109-4D19-B2C1-D9BC1D2D86E4}.AppStore|Any CPU.ActiveCfg = Release|x86
		{3D5A6021-5109-4D19-B2C1-D9BC1D2D86E4}.AppStore|Any CPU.Build.0 = Release|x86
		{3D5A6021-5109-4D19-B2C1-D9BC1D2D86E4}.AppStore|Any CPU.Deploy.0 = Release|x86
		{3D5A6021-5109-4D19-B2C1-D9BC1D2D86E4}.AppStore|ARM.ActiveCfg = Release|ARM
		{3D5A6021-5109-4D19-B2C1-D9BC1D2D86E4}.AppStore|ARM.Build.0 = Release|ARM
		{3D5A6021-5109-4D19-B2C1-D9BC1D2D86E4}.AppStore|ARM.Deploy.0 = Release|ARM
		{3D5A6021-5109-4D19-B2C1-D9BC1D2D86E4}.AppStore|iPhone.ActiveCfg = Release|x86
		{3D5A6021-5109-4D19-B2C1-D9BC1D2D86E4}.AppStore|iPhone.Build.0 = Release|x86
		{3D5A6021-5109-4D19-B2C1-D9BC1D2D86E4}.AppStore|iPhone.Deploy.0 = Release|x86
		{3D5A6021-5109-4D19-B2C1-D9BC1D2D86E4}.AppStore|iPhoneSimulator.ActiveCfg = Release|x86
		{3D5A6021-5109-4D19-B2C1-D9BC1D2D86E4}.AppStore|iPhoneSimulator.Build.0 = Release|x86
		{3D5A6021-5109-4D19-B2C1-D9BC1D2D86E4}.AppStore|iPhoneSimulator.Deploy.0 = Release|x86
		{3D5A6021-5109-4D19-B2C1-D9BC1D2D86E4}.AppStore|x64.ActiveCfg = Release|x64
		{3D5A6021-5109-4D19-B2C1-D9BC1D2D86E4}.AppStore|x64.Build.0 = Release|x64
		{3D5A6021-5109-4D19-B2C1-D9BC1D2D86E4}.AppStore|x64.Deploy.0 = Release|x64
		{3D5A6021-5109-4D19-B2C1-D9BC1D2D86E4}.AppStore|x86.ActiveCfg = Release|x86
		{3D5A6021-5109-4D19-B2C1-D9BC1D2D86E4}.AppStore|x86.Build.0 = Release|x86
		{3D5A6021-5109-4D19-B2C1-D9BC1D2D86E4}.AppStore|x86.Deploy.0 = Release|x86
		{3D5A6021-5109-4D19-B2C1-D9BC1D2D86E4}.Debug|Any CPU.ActiveCfg = Debug|x86
		{3D5A6021-5109-4D19-B2C1-D9BC1D2D86E4}.Debug|ARM.ActiveCfg = Debug|ARM
		{3D5A6021-5109-4D19-B2C1-D9BC1D2D86E4}.Debug|ARM.Build.0 = Debug|ARM
		{3D5A6021-5109-4D19-B2C1-D9BC1D2D86E4}.Debug|ARM.Deploy.0 = Debug|ARM
		{3D5A6021-5109-4D19-B2C1-D9BC1D2D86E4}.Debug|iPhone.ActiveCfg = Debug|x86
		{3D5A6021-5109-4D19-B2C1-D9BC1D2D86E4}.Debug|iPhoneSimulator.ActiveCfg = Debug|x86
		{3D5A6021-5109-4D19-B2C1-D9BC1D2D86E4}.Debug|x64.ActiveCfg = Debug|x64
		{3D5A6021-5109-4D19-B2C1-D9BC1D2D86E4}.Debug|x64.Build.0 = Debug|x64
		{3D5A6021-5109-4D19-B2C1-D9BC1D2D86E4}.Debug|x64.Deploy.0 = Debug|x64
		{3D5A6021-5109-4D19-B2C1-D9BC1D2D86E4}.Debug|x86.ActiveCfg = Debug|x86
		{3D5A6021-5109-4D19-B2C1-D9BC1D2D86E4}.Debug|x86.Build.0 = Debug|x86
		{3D5A6021-5109-4D19-B2C1-D9BC1D2D86E4}.Debug|x86.Deploy.0 = Debug|x86
		{3D5A6021-5109-4D19-B2C1-D9BC1D2D86E4}.Release|Any CPU.ActiveCfg = Release|x86
		{3D5A6021-5109-4D19-B2C1-D9BC1D2D86E4}.Release|ARM.ActiveCfg = Release|ARM
		{3D5A6021-5109-4D19-B2C1-D9BC1D2D86E4}.Release|ARM.Build.0 = Release|ARM
		{3D5A6021-5109-4D19-B2C1-D9BC1D2D86E4}.Release|ARM.Deploy.0 = Release|ARM
		{3D5A6021-5109-4D19-B2C1-D9BC1D2D86E4}.Release|iPhone.ActiveCfg = Release|x86
		{3D5A6021-5109-4D19-B2C1-D9BC1D2D86E4}.Release|iPhoneSimulator.ActiveCfg = Release|x86
		{3D5A6021-5109-4D19-B2C1-D9BC1D2D86E4}.Release|x64.ActiveCfg = Release|x64
		{3D5A6021-5109-4D19-B2C1-D9BC1D2D86E4}.Release|x64.Build.0 = Release|x64
		{3D5A6021-5109-4D19-B2C1-D9BC1D2D86E4}.Release|x64.Deploy.0 = Release|x64
		{3D5A6021-5109-4D19-B2C1-D9BC1D2D86E4}.Release|x86.ActiveCfg = Release|x86
		{3D5A6021-5109-4D19-B2C1-D9BC1D2D86E4}.Release|x86.Build.0 = Release|x86
		{3D5A6021-5109-4D19-B2C1-D9BC1D2D86E4}.Release|x86.Deploy.0 = Release|x86
		{78121764-DBF9-4598-BDFA-44A95F06FC3D}.Ad-Hoc|Any CPU.ActiveCfg = Ad-Hoc|iPhoneSimulator
		{78121764-DBF9-4598-BDFA-44A95F06FC3D}.Ad-Hoc|ARM.ActiveCfg = Ad-Hoc|iPhoneSimulator
		{78121764-DBF9-4598-BDFA-44A95F06FC3D}.Ad-Hoc|iPhone.ActiveCfg = Ad-Hoc|iPhoneSimulator
		{78121764-DBF9-4598-BDFA-44A95F06FC3D}.Ad-Hoc|iPhone.Build.0 = Ad-Hoc|iPhoneSimulator
		{78121764-DBF9-4598-BDFA-44A95F06FC3D}.Ad-Hoc|iPhoneSimulator.ActiveCfg = Ad-Hoc|iPhoneSimulator
		{78121764-DBF9-4598-BDFA-44A95F06FC3D}.Ad-Hoc|iPhoneSimulator.Build.0 = Ad-Hoc|iPhoneSimulator
		{78121764-DBF9-4598-BDFA-44A95F06FC3D}.Ad-Hoc|x64.ActiveCfg = Ad-Hoc|iPhoneSimulator
		{78121764-DBF9-4598-BDFA-44A95F06FC3D}.Ad-Hoc|x86.ActiveCfg = Ad-Hoc|iPhoneSimulator
		{78121764-DBF9-4598-BDFA-44A95F06FC3D}.AppStore|Any CPU.ActiveCfg = AppStore|iPhoneSimulator
		{78121764-DBF9-4598-BDFA-44A95F06FC3D}.AppStore|ARM.ActiveCfg = AppStore|iPhoneSimulator
		{78121764-DBF9-4598-BDFA-44A95F06FC3D}.AppStore|iPhone.ActiveCfg = AppStore|iPhoneSimulator
		{78121764-DBF9-4598-BDFA-44A95F06FC3D}.AppStore|iPhone.Build.0 = AppStore|iPhoneSimulator
		{78121764-DBF9-4598-BDFA-44A95F06FC3D}.AppStore|iPhoneSimulator.ActiveCfg = AppStore|iPhoneSimulator
		{78121764-DBF9-4598-BDFA-44A95F06FC3D}.AppStore|iPhoneSimulator.Build.0 = AppStore|iPhoneSimulator
		{78121764-DBF9-4598-BDFA-44A95F06FC3D}.AppStore|x64.ActiveCfg = AppStore|iPhoneSimulator
		{78121764-DBF9-4598-BDFA-44A95F06FC3D}.AppStore|x86.ActiveCfg = AppStore|iPhoneSimulator
		{78121764-DBF9-4598-BDFA-44A95F06FC3D}.Debug|Any CPU.ActiveCfg = Debug|iPhoneSimulator
		{78121764-DBF9-4598-BDFA-44A95F06FC3D}.Debug|ARM.ActiveCfg = Debug|iPhoneSimulator
		{78121764-DBF9-4598-BDFA-44A95F06FC3D}.Debug|iPhone.ActiveCfg = Debug|iPhoneSimulator
		{78121764-DBF9-4598-BDFA-44A95F06FC3D}.Debug|iPhone.Build.0 = Debug|iPhoneSimulator
		{78121764-DBF9-4598-BDFA-44A95F06FC3D}.Debug|iPhoneSimulator.ActiveCfg = Debug|iPhoneSimulator
		{78121764-DBF9-4598-BDFA-44A95F06FC3D}.Debug|iPhoneSimulator.Build.0 = Debug|iPhoneSimulator
		{78121764-DBF9-4598-BDFA-44A95F06FC3D}.Debug|x64.ActiveCfg = Debug|iPhoneSimulator
		{78121764-DBF9-4598-BDFA-44A95F06FC3D}.Debug|x86.ActiveCfg = Debug|iPhoneSimulator
		{78121764-DBF9-4598-BDFA-44A95F06FC3D}.Release|Any CPU.ActiveCfg = Release|iPhoneSimulator
		{78121764-DBF9-4598-BDFA-44A95F06FC3D}.Release|ARM.ActiveCfg = Release|iPhoneSimulator
		{78121764-DBF9-4598-BDFA-44A95F06FC3D}.Release|iPhone.ActiveCfg = Release|iPhoneSimulator
		{78121764-DBF9-4598-BDFA-44A95F06FC3D}.Release|iPhone.Build.0 = Release|iPhoneSimulator
		{78121764-DBF9-4598-BDFA-44A95F06FC3D}.Release|iPhoneSimulator.ActiveCfg = Release|iPhoneSimulator
		{78121764-DBF9-4598-BDFA-44A95F06FC3D}.Release|iPhoneSimulator.Build.0 = Release|iPhoneSimulator
		{78121764-DBF9-4598-BDFA-44A95F06FC3D}.Release|x64.ActiveCfg = Release|iPhoneSimulator
		{78121764-DBF9-4598-BDFA-44A95F06FC3D}.Release|x86.ActiveCfg = Release|iPhoneSimulator
		{BEFF1FA1-B1B6-47C6-8F0D-D8DB4434A521}.Ad-Hoc|Any CPU.ActiveCfg = Release|Any CPU
		{BEFF1FA1-B1B6-47C6-8F0D-D8DB4434A521}.Ad-Hoc|Any CPU.Build.0 = Release|Any CPU
		{BEFF1FA1-B1B6-47C6-8F0D-D8DB4434A521}.Ad-Hoc|ARM.ActiveCfg = Release|Any CPU
		{BEFF1FA1-B1B6-47C6-8F0D-D8DB4434A521}.Ad-Hoc|ARM.Build.0 = Release|Any CPU
		{BEFF1FA1-B1B6-47C6-8F0D-D8DB4434A521}.Ad-Hoc|iPhone.ActiveCfg = Release|Any CPU
		{BEFF1FA1-B1B6-47C6-8F0D-D8DB4434A521}.Ad-Hoc|iPhone.Build.0 = Release|Any CPU
		{BEFF1FA1-B1B6-47C6-8F0D-D8DB4434A521}.Ad-Hoc|iPhoneSimulator.ActiveCfg = Release|Any CPU
		{BEFF1FA1-B1B6-47C6-8F0D-D8DB4434A521}.Ad-Hoc|iPhoneSimulator.Build.0 = Release|Any CPU
		{BEFF1FA1-B1B6-47C6-8F0D-D8DB4434A521}.Ad-Hoc|x64.ActiveCfg = Release|Any CPU
		{BEFF1FA1-B1B6-47C6-8F0D-D8DB4434A521}.Ad-Hoc|x64.Build.0 = Release|Any CPU
		{BEFF1FA1-B1B6-47C6-8F0D-D8DB4434A521}.Ad-Hoc|x86.ActiveCfg = Release|Any CPU
		{BEFF1FA1-B1B6-47C6-8F0D-D8DB4434A521}.Ad-Hoc|x86.Build.0 = Release|Any CPU
		{BEFF1FA1-B1B6-47C6-8F0D-D8DB4434A521}.AppStore|Any CPU.ActiveCfg = Release|Any CPU
		{BEFF1FA1-B1B6-47C6-8F0D-D8DB4434A521}.AppStore|Any CPU.Build.0 = Release|Any CPU
		{BEFF1FA1-B1B6-47C6-8F0D-D8DB4434A521}.AppStore|ARM.ActiveCfg = Release|Any CPU
		{BEFF1FA1-B1B6-47C6-8F0D-D8DB4434A521}.AppStore|ARM.Build.0 = Release|Any CPU
		{BEFF1FA1-B1B6-47C6-8F0D-D8DB4434A521}.AppStore|iPhone.ActiveCfg = Release|Any CPU
		{BEFF1FA1-B1B6-47C6-8F0D-D8DB4434A521}.AppStore|iPhone.Build.0 = Release|Any CPU
		{BEFF1FA1-B1B6-47C6-8F0D-D8DB4434A521}.AppStore|iPhoneSimulator.ActiveCfg = Release|Any CPU
		{BEFF1FA1-B1B6-47C6-8F0D-D8DB4434A521}.AppStore|iPhoneSimulator.Build.0 = Release|Any CPU
		{BEFF1FA1-B1B6-47C6-8F0D-D8DB4434A521}.AppStore|x64.ActiveCfg = Release|Any CPU
		{BEFF1FA1-B1B6-47C6-8F0D-D8DB4434A521}.AppStore|x64.Build.0 = Release|Any CPU
		{BEFF1FA1-B1B6-47C6-8F0D-D8DB4434A521}.AppStore|x86.ActiveCfg = Release|Any CPU
		{BEFF1FA1-B1B6-47C6-8F0D-D8DB4434A521}.AppStore|x86.Build.0 = Release|Any CPU
		{BEFF1FA1-B1B6-47C6-8F0D-D8DB4434A521}.Debug|Any CPU.ActiveCfg = Debug|Any CPU
		{BEFF1FA1-B1B6-47C6-8F0D-D8DB4434A521}.Debug|Any CPU.Build.0 = Debug|Any CPU
		{BEFF1FA1-B1B6-47C6-8F0D-D8DB4434A521}.Debug|ARM.ActiveCfg = Debug|Any CPU
		{BEFF1FA1-B1B6-47C6-8F0D-D8DB4434A521}.Debug|ARM.Build.0 = Debug|Any CPU
		{BEFF1FA1-B1B6-47C6-8F0D-D8DB4434A521}.Debug|iPhone.ActiveCfg = Debug|Any CPU
		{BEFF1FA1-B1B6-47C6-8F0D-D8DB4434A521}.Debug|iPhone.Build.0 = Debug|Any CPU
		{BEFF1FA1-B1B6-47C6-8F0D-D8DB4434A521}.Debug|iPhoneSimulator.ActiveCfg = Debug|Any CPU
		{BEFF1FA1-B1B6-47C6-8F0D-D8DB4434A521}.Debug|iPhoneSimulator.Build.0 = Debug|Any CPU
		{BEFF1FA1-B1B6-47C6-8F0D-D8DB4434A521}.Debug|x64.ActiveCfg = Debug|Any CPU
		{BEFF1FA1-B1B6-47C6-8F0D-D8DB4434A521}.Debug|x64.Build.0 = Debug|Any CPU
		{BEFF1FA1-B1B6-47C6-8F0D-D8DB4434A521}.Debug|x86.ActiveCfg = Debug|Any CPU
		{BEFF1FA1-B1B6-47C6-8F0D-D8DB4434A521}.Debug|x86.Build.0 = Debug|Any CPU
		{BEFF1FA1-B1B6-47C6-8F0D-D8DB4434A521}.Release|Any CPU.ActiveCfg = Release|Any CPU
		{BEFF1FA1-B1B6-47C6-8F0D-D8DB4434A521}.Release|Any CPU.Build.0 = Release|Any CPU
		{BEFF1FA1-B1B6-47C6-8F0D-D8DB4434A521}.Release|ARM.ActiveCfg = Release|Any CPU
		{BEFF1FA1-B1B6-47C6-8F0D-D8DB4434A521}.Release|ARM.Build.0 = Release|Any CPU
		{BEFF1FA1-B1B6-47C6-8F0D-D8DB4434A521}.Release|iPhone.ActiveCfg = Release|Any CPU
		{BEFF1FA1-B1B6-47C6-8F0D-D8DB4434A521}.Release|iPhone.Build.0 = Release|Any CPU
		{BEFF1FA1-B1B6-47C6-8F0D-D8DB4434A521}.Release|iPhoneSimulator.ActiveCfg = Release|Any CPU
		{BEFF1FA1-B1B6-47C6-8F0D-D8DB4434A521}.Release|iPhoneSimulator.Build.0 = Release|Any CPU
		{BEFF1FA1-B1B6-47C6-8F0D-D8DB4434A521}.Release|x64.ActiveCfg = Release|Any CPU
		{BEFF1FA1-B1B6-47C6-8F0D-D8DB4434A521}.Release|x64.Build.0 = Release|Any CPU
		{BEFF1FA1-B1B6-47C6-8F0D-D8DB4434A521}.Release|x86.ActiveCfg = Release|Any CPU
		{BEFF1FA1-B1B6-47C6-8F0D-D8DB4434A521}.Release|x86.Build.0 = Release|Any CPU
		{7CE81286-841B-4CA7-B3A2-E8EB07CA6524}.Ad-Hoc|Any CPU.ActiveCfg = Release|Any CPU
		{7CE81286-841B-4CA7-B3A2-E8EB07CA6524}.Ad-Hoc|Any CPU.Build.0 = Release|Any CPU
		{7CE81286-841B-4CA7-B3A2-E8EB07CA6524}.Ad-Hoc|ARM.ActiveCfg = Release|Any CPU
		{7CE81286-841B-4CA7-B3A2-E8EB07CA6524}.Ad-Hoc|ARM.Build.0 = Release|Any CPU
		{7CE81286-841B-4CA7-B3A2-E8EB07CA6524}.Ad-Hoc|iPhone.ActiveCfg = Release|Any CPU
		{7CE81286-841B-4CA7-B3A2-E8EB07CA6524}.Ad-Hoc|iPhone.Build.0 = Release|Any CPU
		{7CE81286-841B-4CA7-B3A2-E8EB07CA6524}.Ad-Hoc|iPhoneSimulator.ActiveCfg = Release|Any CPU
		{7CE81286-841B-4CA7-B3A2-E8EB07CA6524}.Ad-Hoc|iPhoneSimulator.Build.0 = Release|Any CPU
		{7CE81286-841B-4CA7-B3A2-E8EB07CA6524}.Ad-Hoc|x64.ActiveCfg = Release|Any CPU
		{7CE81286-841B-4CA7-B3A2-E8EB07CA6524}.Ad-Hoc|x64.Build.0 = Release|Any CPU
		{7CE81286-841B-4CA7-B3A2-E8EB07CA6524}.Ad-Hoc|x86.ActiveCfg = Release|Any CPU
		{7CE81286-841B-4CA7-B3A2-E8EB07CA6524}.Ad-Hoc|x86.Build.0 = Release|Any CPU
		{7CE81286-841B-4CA7-B3A2-E8EB07CA6524}.AppStore|Any CPU.ActiveCfg = Release|Any CPU
		{7CE81286-841B-4CA7-B3A2-E8EB07CA6524}.AppStore|Any CPU.Build.0 = Release|Any CPU
		{7CE81286-841B-4CA7-B3A2-E8EB07CA6524}.AppStore|ARM.ActiveCfg = Release|Any CPU
		{7CE81286-841B-4CA7-B3A2-E8EB07CA6524}.AppStore|ARM.Build.0 = Release|Any CPU
		{7CE81286-841B-4CA7-B3A2-E8EB07CA6524}.AppStore|iPhone.ActiveCfg = Release|Any CPU
		{7CE81286-841B-4CA7-B3A2-E8EB07CA6524}.AppStore|iPhone.Build.0 = Release|Any CPU
		{7CE81286-841B-4CA7-B3A2-E8EB07CA6524}.AppStore|iPhoneSimulator.ActiveCfg = Release|Any CPU
		{7CE81286-841B-4CA7-B3A2-E8EB07CA6524}.AppStore|iPhoneSimulator.Build.0 = Release|Any CPU
		{7CE81286-841B-4CA7-B3A2-E8EB07CA6524}.AppStore|x64.ActiveCfg = Release|Any CPU
		{7CE81286-841B-4CA7-B3A2-E8EB07CA6524}.AppStore|x64.Build.0 = Release|Any CPU
		{7CE81286-841B-4CA7-B3A2-E8EB07CA6524}.AppStore|x86.ActiveCfg = Release|Any CPU
		{7CE81286-841B-4CA7-B3A2-E8EB07CA6524}.AppStore|x86.Build.0 = Release|Any CPU
		{7CE81286-841B-4CA7-B3A2-E8EB07CA6524}.Debug|Any CPU.ActiveCfg = Debug|Any CPU
		{7CE81286-841B-4CA7-B3A2-E8EB07CA6524}.Debug|Any CPU.Build.0 = Debug|Any CPU
		{7CE81286-841B-4CA7-B3A2-E8EB07CA6524}.Debug|ARM.ActiveCfg = Debug|Any CPU
		{7CE81286-841B-4CA7-B3A2-E8EB07CA6524}.Debug|ARM.Build.0 = Debug|Any CPU
		{7CE81286-841B-4CA7-B3A2-E8EB07CA6524}.Debug|iPhone.ActiveCfg = Debug|Any CPU
		{7CE81286-841B-4CA7-B3A2-E8EB07CA6524}.Debug|iPhone.Build.0 = Debug|Any CPU
		{7CE81286-841B-4CA7-B3A2-E8EB07CA6524}.Debug|iPhoneSimulator.ActiveCfg = Debug|Any CPU
		{7CE81286-841B-4CA7-B3A2-E8EB07CA6524}.Debug|iPhoneSimulator.Build.0 = Debug|Any CPU
		{7CE81286-841B-4CA7-B3A2-E8EB07CA6524}.Debug|x64.ActiveCfg = Debug|Any CPU
		{7CE81286-841B-4CA7-B3A2-E8EB07CA6524}.Debug|x64.Build.0 = Debug|Any CPU
		{7CE81286-841B-4CA7-B3A2-E8EB07CA6524}.Debug|x86.ActiveCfg = Debug|Any CPU
		{7CE81286-841B-4CA7-B3A2-E8EB07CA6524}.Debug|x86.Build.0 = Debug|Any CPU
		{7CE81286-841B-4CA7-B3A2-E8EB07CA6524}.Release|Any CPU.ActiveCfg = Release|Any CPU
		{7CE81286-841B-4CA7-B3A2-E8EB07CA6524}.Release|Any CPU.Build.0 = Release|Any CPU
		{7CE81286-841B-4CA7-B3A2-E8EB07CA6524}.Release|ARM.ActiveCfg = Release|Any CPU
		{7CE81286-841B-4CA7-B3A2-E8EB07CA6524}.Release|ARM.Build.0 = Release|Any CPU
		{7CE81286-841B-4CA7-B3A2-E8EB07CA6524}.Release|iPhone.ActiveCfg = Release|Any CPU
		{7CE81286-841B-4CA7-B3A2-E8EB07CA6524}.Release|iPhone.Build.0 = Release|Any CPU
		{7CE81286-841B-4CA7-B3A2-E8EB07CA6524}.Release|iPhoneSimulator.ActiveCfg = Release|Any CPU
		{7CE81286-841B-4CA7-B3A2-E8EB07CA6524}.Release|iPhoneSimulator.Build.0 = Release|Any CPU
		{7CE81286-841B-4CA7-B3A2-E8EB07CA6524}.Release|x64.ActiveCfg = Release|Any CPU
		{7CE81286-841B-4CA7-B3A2-E8EB07CA6524}.Release|x64.Build.0 = Release|Any CPU
		{7CE81286-841B-4CA7-B3A2-E8EB07CA6524}.Release|x86.ActiveCfg = Release|Any CPU
		{7CE81286-841B-4CA7-B3A2-E8EB07CA6524}.Release|x86.Build.0 = Release|Any CPU
		{F1C60630-7E4A-4CB3-8B26-6A650875A708}.Ad-Hoc|Any CPU.ActiveCfg = Release|Any CPU
		{F1C60630-7E4A-4CB3-8B26-6A650875A708}.Ad-Hoc|Any CPU.Build.0 = Release|Any CPU
		{F1C60630-7E4A-4CB3-8B26-6A650875A708}.Ad-Hoc|ARM.ActiveCfg = Release|Any CPU
		{F1C60630-7E4A-4CB3-8B26-6A650875A708}.Ad-Hoc|ARM.Build.0 = Release|Any CPU
		{F1C60630-7E4A-4CB3-8B26-6A650875A708}.Ad-Hoc|iPhone.ActiveCfg = Release|Any CPU
		{F1C60630-7E4A-4CB3-8B26-6A650875A708}.Ad-Hoc|iPhone.Build.0 = Release|Any CPU
		{F1C60630-7E4A-4CB3-8B26-6A650875A708}.Ad-Hoc|iPhoneSimulator.ActiveCfg = Release|Any CPU
		{F1C60630-7E4A-4CB3-8B26-6A650875A708}.Ad-Hoc|iPhoneSimulator.Build.0 = Release|Any CPU
		{F1C60630-7E4A-4CB3-8B26-6A650875A708}.Ad-Hoc|x64.ActiveCfg = Release|Any CPU
		{F1C60630-7E4A-4CB3-8B26-6A650875A708}.Ad-Hoc|x64.Build.0 = Release|Any CPU
		{F1C60630-7E4A-4CB3-8B26-6A650875A708}.Ad-Hoc|x86.ActiveCfg = Release|Any CPU
		{F1C60630-7E4A-4CB3-8B26-6A650875A708}.Ad-Hoc|x86.Build.0 = Release|Any CPU
		{F1C60630-7E4A-4CB3-8B26-6A650875A708}.AppStore|Any CPU.ActiveCfg = Release|Any CPU
		{F1C60630-7E4A-4CB3-8B26-6A650875A708}.AppStore|Any CPU.Build.0 = Release|Any CPU
		{F1C60630-7E4A-4CB3-8B26-6A650875A708}.AppStore|ARM.ActiveCfg = Release|Any CPU
		{F1C60630-7E4A-4CB3-8B26-6A650875A708}.AppStore|ARM.Build.0 = Release|Any CPU
		{F1C60630-7E4A-4CB3-8B26-6A650875A708}.AppStore|iPhone.ActiveCfg = Release|Any CPU
		{F1C60630-7E4A-4CB3-8B26-6A650875A708}.AppStore|iPhone.Build.0 = Release|Any CPU
		{F1C60630-7E4A-4CB3-8B26-6A650875A708}.AppStore|iPhoneSimulator.ActiveCfg = Release|Any CPU
		{F1C60630-7E4A-4CB3-8B26-6A650875A708}.AppStore|iPhoneSimulator.Build.0 = Release|Any CPU
		{F1C60630-7E4A-4CB3-8B26-6A650875A708}.AppStore|x64.ActiveCfg = Release|Any CPU
		{F1C60630-7E4A-4CB3-8B26-6A650875A708}.AppStore|x64.Build.0 = Release|Any CPU
		{F1C60630-7E4A-4CB3-8B26-6A650875A708}.AppStore|x86.ActiveCfg = Release|Any CPU
		{F1C60630-7E4A-4CB3-8B26-6A650875A708}.AppStore|x86.Build.0 = Release|Any CPU
		{F1C60630-7E4A-4CB3-8B26-6A650875A708}.Debug|Any CPU.ActiveCfg = Debug|Any CPU
		{F1C60630-7E4A-4CB3-8B26-6A650875A708}.Debug|Any CPU.Build.0 = Debug|Any CPU
		{F1C60630-7E4A-4CB3-8B26-6A650875A708}.Debug|ARM.ActiveCfg = Debug|Any CPU
		{F1C60630-7E4A-4CB3-8B26-6A650875A708}.Debug|ARM.Build.0 = Debug|Any CPU
		{F1C60630-7E4A-4CB3-8B26-6A650875A708}.Debug|iPhone.ActiveCfg = Debug|Any CPU
		{F1C60630-7E4A-4CB3-8B26-6A650875A708}.Debug|iPhone.Build.0 = Debug|Any CPU
		{F1C60630-7E4A-4CB3-8B26-6A650875A708}.Debug|iPhoneSimulator.ActiveCfg = Debug|Any CPU
		{F1C60630-7E4A-4CB3-8B26-6A650875A708}.Debug|iPhoneSimulator.Build.0 = Debug|Any CPU
		{F1C60630-7E4A-4CB3-8B26-6A650875A708}.Debug|x64.ActiveCfg = Debug|Any CPU
		{F1C60630-7E4A-4CB3-8B26-6A650875A708}.Debug|x64.Build.0 = Debug|Any CPU
		{F1C60630-7E4A-4CB3-8B26-6A650875A708}.Debug|x86.ActiveCfg = Debug|Any CPU
		{F1C60630-7E4A-4CB3-8B26-6A650875A708}.Debug|x86.Build.0 = Debug|Any CPU
		{F1C60630-7E4A-4CB3-8B26-6A650875A708}.Release|Any CPU.ActiveCfg = Release|Any CPU
		{F1C60630-7E4A-4CB3-8B26-6A650875A708}.Release|Any CPU.Build.0 = Release|Any CPU
		{F1C60630-7E4A-4CB3-8B26-6A650875A708}.Release|ARM.ActiveCfg = Release|Any CPU
		{F1C60630-7E4A-4CB3-8B26-6A650875A708}.Release|ARM.Build.0 = Release|Any CPU
		{F1C60630-7E4A-4CB3-8B26-6A650875A708}.Release|iPhone.ActiveCfg = Release|Any CPU
		{F1C60630-7E4A-4CB3-8B26-6A650875A708}.Release|iPhone.Build.0 = Release|Any CPU
		{F1C60630-7E4A-4CB3-8B26-6A650875A708}.Release|iPhoneSimulator.ActiveCfg = Release|Any CPU
		{F1C60630-7E4A-4CB3-8B26-6A650875A708}.Release|iPhoneSimulator.Build.0 = Release|Any CPU
		{F1C60630-7E4A-4CB3-8B26-6A650875A708}.Release|x64.ActiveCfg = Release|Any CPU
		{F1C60630-7E4A-4CB3-8B26-6A650875A708}.Release|x64.Build.0 = Release|Any CPU
		{F1C60630-7E4A-4CB3-8B26-6A650875A708}.Release|x86.ActiveCfg = Release|Any CPU
		{F1C60630-7E4A-4CB3-8B26-6A650875A708}.Release|x86.Build.0 = Release|Any CPU
	EndGlobalSection
	GlobalSection(SolutionProperties) = preSolution
		HideSolutionNode = FALSE
	EndGlobalSection
	GlobalSection(ExtensibilityGlobals) = postSolution
		SolutionGuid = {63F2C0A9-5E75-413D-91A3-9B9D14229131}
	EndGlobalSection
EndGlobal
